{
  "version": 4,
  "terraform_version": "1.9.7",
  "serial": 48,
  "lineage": "01ebbde0-67cb-2b8a-cac0-c48e7e9294eb",
  "outputs": {},
  "resources": [
    {
      "mode": "managed",
      "type": "mongodbatlas_project",
      "name": "atlas-project",
      "provider": "provider[\"registry.terraform.io/mongodb/mongodbatlas\"]",
      "instances": [
        {
          "schema_version": 0,
          "attributes": {
            "cluster_count": 1,
            "created": "2024-05-02T21:31:33Z",
            "id": "66340633032bbb0047465785",
            "ip_addresses": {
              "services": {
                "clusters": [
                  {
                    "cluster_name": "Cluster0",
                    "inbound": [
                      "20.160.119.94",
                      "98.71.151.254",
                      "20.16.232.178"
                    ],
                    "outbound": [
                      "20.160.119.94",
                      "98.71.151.254",
                      "20.16.232.178"
                    ]
                  }
                ]
              }
            },
            "is_collect_database_specifics_statistics_enabled": true,
            "is_data_explorer_enabled": true,
            "is_extended_storage_sizes_enabled": false,
            "is_performance_advisor_enabled": true,
            "is_realtime_performance_panel_enabled": true,
            "is_schema_advisor_enabled": true,
            "is_slow_operation_thresholding_enabled": true,
            "limits": [],
            "name": "terraform-project",
            "org_id": "63b6e662801bbd058271b4ae",
            "project_owner_id": null,
            "region_usage_restrictions": null,
            "tags": null,
            "teams": [],
            "with_default_alerts_settings": true
          },
          "sensitive_attributes": []
        }
      ]
    },
    {
      "mode": "managed",
      "type": "mongodbatlas_project_ip_access_list",
      "name": "ip",
      "provider": "provider[\"registry.terraform.io/mongodb/mongodbatlas\"]",
      "instances": [
        {
          "schema_version": 0,
          "attributes": {
            "aws_security_group": "",
            "cidr_block": "104.30.134.187/32",
            "comment": "",
            "id": "ZW50cnk=:MTA0LjMwLjEzNC4xODcvMzI=-cHJvamVjdF9pZA==:NjYzNDA2MzMwMzJiYmIwMDQ3NDY1Nzg1",
            "ip_address": "104.30.134.187",
            "project_id": "66340633032bbb0047465785",
            "timeouts": null
          },
          "sensitive_attributes": [],
          "dependencies": [
            "mongodbatlas_project.atlas-project"
          ]
        }
      ]
    },
    {
      "mode": "managed",
      "type": "random_password",
      "name": "db-user-password",
      "provider": "provider[\"registry.terraform.io/hashicorp/random\"]",
      "instances": [
        {
          "schema_version": 3,
          "attributes": {
            "bcrypt_hash": "$2a$10$bfSBestaeikKfuCSA3byQ.uzkRJ1a.r8qwOCzEuZMUcAZNMup2bXS",
            "id": "none",
            "keepers": null,
            "length": 16,
            "lower": true,
            "min_lower": 0,
            "min_numeric": 0,
            "min_special": 0,
            "min_upper": 0,
            "number": true,
            "numeric": true,
            "override_special": "_%@",
            "result": "i8J4YhGi2qB9Qve1",
            "special": true,
            "upper": true
          },
          "sensitive_attributes": [
            [
              {
                "type": "get_attr",
                "value": "bcrypt_hash"
              }
            ],
            [
              {
                "type": "get_attr",
                "value": "result"
              }
            ]
          ]
        }
      ]
    }
  ],
  "check_results": null
}
